{
  "lockfileVersion": 1,
  "workspaces": {
    "": {
      "name": "usagi-ts",
      "dependencies": {
        "chalk": "5.3.0",
      },
    },
  },
  "packages": {
    "chalk": ["chalk@5.3.0", "", {}, "sha512-dLitG79d+GV1Nb/VYcCDFivJeK1hiukt9QjRNVOsUtTy1rR1YJsmpGGTZ3qJos+uw7WmWF4wUwBd9jxjocFC2w=="],
  }
}
